{
  "pins" : [
    {
      "identity" : "callable",
      "kind" : "remoteSourceControl",
      "location" : "https://github.com/ElevatedUnderdogs/Callable.git",
      "state" : {
        "revision" : "bbb7630d631e7e0432d97cada1eca69bd5216a06",
        "version" : "2.0.0"
      }
    },
    {
      "identity" : "commonextensions",
      "kind" : "remoteSourceControl",
      "location" : "https://github.com/ElevatedUnderdogs/CommonExtensions.git",
      "state" : {
        "revision" : "bfca4d77370ee47851b363e0b478e6182bdee8d8",
        "version" : "4.0.5"
      }
    }
  ],
  "version" : 2
}
