{
  "pins" : [
    {
      "identity" : "callable",
      "kind" : "remoteSourceControl",
      "location" : "https://github.com/ElevatedUnderdogs/Callable.git",
      "state" : {
        "revision" : "5e6de476a268e5858b78eed17d51162eccaf4203",
        "version" : "3.0.0"
      }
    },
    {
      "identity" : "commonextensions",
      "kind" : "remoteSourceControl",
      "location" : "https://github.com/ElevatedUnderdogs/CommonExtensions.git",
      "state" : {
        "revision" : "bfca4d77370ee47851b363e0b478e6182bdee8d8",
        "version" : "4.0.5"
      }
    }
  ],
  "version" : 2
}
